
Microsoft Visual Studio Solution File, Format Version 12.00
# Visual Studio Version 17
VisualStudioVersion = 17.10.35013.160
MinimumVisualStudioVersion = 10.0.40219.1
Project("{9A19103F-16F7-4668-BE54-9A1E7A4F7556}") = "LeDinhThang_2122110516", "LeDinhThang_2122110516\LeDinhThang_2122110516.csproj", "{DAA3AC1A-53B3-44B8-B939-5388461C0173}"
EndProject
Global
	GlobalSection(SolutionConfigurationPlatforms) = preSolution
		Debug|Any CPU = Debug|Any CPU
		Release|Any CPU = Release|Any CPU
	EndGlobalSection
	GlobalSection(ProjectConfigurationPlatforms) = postSolution
		{DAA3AC1A-53B3-44B8-B939-5388461C0173}.Debug|Any CPU.ActiveCfg = Debug|Any CPU
		{DAA3AC1A-53B3-44B8-B939-5388461C0173}.Debug|Any CPU.Build.0 = Debug|Any CPU
		{DAA3AC1A-53B3-44B8-B939-5388461C0173}.Release|Any CPU.ActiveCfg = Release|Any CPU
		{DAA3AC1A-53B3-44B8-B939-5388461C0173}.Release|Any CPU.Build.0 = Release|Any CPU
	EndGlobalSection
	GlobalSection(SolutionProperties) = preSolution
		HideSolutionNode = FALSE
	EndGlobalSection
	GlobalSection(ExtensibilityGlobals) = postSolution
		SolutionGuid = {5F99BCE8-5931-4DE4-AA08-564C982C75B5}
	EndGlobalSection
EndGlobal
